# THIS IS AN AUTOGENERATED FILE. DO NOT EDIT THIS FILE DIRECTLY.
# yarn lockfile v1


"@babel/helper-plugin-utils@^7.14.5":
  version "7.14.5"
  resolved "https://registry.yarnpkg.com/@babel/helper-plugin-utils/-/helper-plugin-utils-7.14.5.tgz#5ac822ce97eec46741ab70a517971e443a70c5a9"
  integrity sha512-/37qQCE3K0vvZKwoK4XU/irIJQdIfCJuhU5eKnNxpFDsOkgFaUAwbv+RYw6eYgsC0E4hS7r5KqGULUogqui0fQ==

"@babel/helper-validator-identifier@^7.14.8":
  version "7.14.8"
  resolved "https://registry.yarnpkg.com/@babel/helper-validator-identifier/-/helper-validator-identifier-7.14.8.tgz#32be33a756f29e278a0d644fa08a2c9e0f88a34c"
  integrity sha512-ZGy6/XQjllhYQrNw/3zfWRwZCTVSiBLZ9DHVZxn9n2gip/7ab8mv2TWlKPIBk26RwedCBoWdjLmn+t9na2Gcow==

"@babel/plugin-syntax-jsx@^7.14.5":
  version "7.14.5"
  resolved "https://registry.yarnpkg.com/@babel/plugin-syntax-jsx/-/plugin-syntax-jsx-7.14.5.tgz#000e2e25d8673cce49300517a3eda44c263e4201"
  integrity sha512-ohuFIsOMXJnbOMRfX7/w7LocdR6R7whhuRD4ax8IipLcLPlZGJKkBxgHp++U4N/vKyU16/YDQr2f5seajD3jIw==
  dependencies:
    "@babel/helper-plugin-utils" "^7.14.5"

"@babel/types@^7.14.8":
  version "7.14.8"
  resolved "https://registry.yarnpkg.com/@babel/types/-/types-7.14.8.tgz#38109de8fcadc06415fbd9b74df0065d4d41c728"
  integrity sha512-iob4soQa7dZw8nodR/KlOQkPh9S4I8RwCxwRIFuiMRYjOzH/KJzdUfDgz6cGi5dDaclXF4P2PAhCdrBJNIg68Q==
  dependencies:
    "@babel/helper-validator-identifier" "^7.14.8"
    to-fast-properties "^2.0.0"

to-fast-properties@^2.0.0:
  version "2.0.0"
  resolved "https://registry.yarnpkg.com/to-fast-properties/-/to-fast-properties-2.0.0.tgz#dc5e698cbd079265bc73e0377681a4e4e83f616e"
  integrity sha1-3F5pjL0HkmW8c+A3doGk5Og/YW4=
